<?xml version="1.0" encoding="utf-8"?>
<Project ToolsVersion="4.0" xmlns="http://schemas.microsoft.com/developer/msbuild/2003">
  <ItemGroup>
    <Filter Include="ソース ファイル">
      <UniqueIdentifier>{4FC737F1-C7A5-4376-A066-2A32D752A2FF}</UniqueIdentifier>
      <Extensions>cpp;c;cc;cxx;def;odl;idl;hpj;bat;asm;asmx</Extensions>
    </Filter>
    <Filter Include="ソース ファイル\Camera">
      <UniqueIdentifier>{5bad5a0c-eb12-4e23-83f4-7b626dbb090f}</UniqueIdentifier>
    </Filter>
    <Filter Include="ソース ファイル\Obstruct">
      <UniqueIdentifier>{fa52f761-dc9d-4424-943f-4a66946a211b}</UniqueIdentifier>
    </Filter>
    <Filter Include="ソース ファイル\Player">
      <UniqueIdentifier>{4030983e-5128-44ae-ac95-fd4c917b5c60}</UniqueIdentifier>
    </Filter>
    <Filter Include="ソース ファイル\Scene">
      <UniqueIdentifier>{53029406-85e6-4613-9654-e75ffede3600}</UniqueIdentifier>
    </Filter>
    <Filter Include="ソース ファイル\UI">
      <UniqueIdentifier>{6894c461-ab25-4e68-9d9d-fd79400bb877}</UniqueIdentifier>
    </Filter>
    <Filter Include="ソース ファイル\UI\Satoshi">
      <UniqueIdentifier>{d2752e5a-bd5f-4f8d-b268-4cde3eefe223}</UniqueIdentifier>
    </Filter>
    <Filter Include="ソース ファイル\UI\Sound">
      <UniqueIdentifier>{54c1fb57-be1a-4886-969e-18e9be6ee5ce}</UniqueIdentifier>
    </Filter>
    <Filter Include="ソース ファイル\BackGround">
      <UniqueIdentifier>{c43683d3-c504-4c36-8ec9-429658fb3849}</UniqueIdentifier>
    </Filter>
    <Filter Include="ソース ファイル\HitCheck">
      <UniqueIdentifier>{216da7b9-800a-4aeb-ab9a-6bb6bb82e5af}</UniqueIdentifier>
    </Filter>
  </ItemGroup>
  <ItemGroup>
    <ClCompile Include="main.cpp">
      <Filter>ソース ファイル</Filter>
    </ClCompile>
    <ClCompile Include="ObstructBase.cpp">
      <Filter>ソース ファイル\Obstruct</Filter>
    </ClCompile>
    <ClCompile Include="ObstructFloat.cpp">
      <Filter>ソース ファイル\Obstruct</Filter>
    </ClCompile>
    <ClCompile Include="ObstructManager.cpp">
      <Filter>ソース ファイル\Obstruct</Filter>
    </ClCompile>
    <ClCompile Include="SceneBase.cpp">
      <Filter>ソース ファイル\Scene</Filter>
    </ClCompile>
    <ClCompile Include="Camera.cpp">
      <Filter>ソース ファイル\Camera</Filter>
    </ClCompile>
    <ClCompile Include="Player.cpp">
      <Filter>ソース ファイル\Player</Filter>
    </ClCompile>
    <ClCompile Include="Title.cpp">
      <Filter>ソース ファイル\Scene</Filter>
    </ClCompile>
    <ClCompile Include="GameClear.cpp">
      <Filter>ソース ファイル\Scene</Filter>
    </ClCompile>
    <ClCompile Include="GameOver.cpp">
      <Filter>ソース ファイル\Scene</Filter>
    </ClCompile>
    <ClCompile Include="UIBase.cpp">
      <Filter>ソース ファイル\UI</Filter>
    </ClCompile>
    <ClCompile Include="UIGoal.cpp">
      <Filter>ソース ファイル\UI</Filter>
    </ClCompile>
    <ClCompile Include="UIFireworks.cpp">
      <Filter>ソース ファイル\UI</Filter>
    </ClCompile>
    <ClCompile Include="Fade.cpp">
      <Filter>ソース ファイル\Scene</Filter>
    </ClCompile>
    <ClCompile Include="BackGround.cpp">
      <Filter>ソース ファイル\BackGround</Filter>
    </ClCompile>
    <ClCompile Include="Satoshi.cpp">
      <Filter>ソース ファイル\UI\Satoshi</Filter>
    </ClCompile>
    <ClCompile Include="Sound.cpp">
      <Filter>ソース ファイル\UI\Sound</Filter>
    </ClCompile>
    <ClCompile Include="HitChecker.cpp">
      <Filter>ソース ファイル\HitCheck</Filter>
    </ClCompile>
    <ClCompile Include="Timing.cpp">
      <Filter>ソース ファイル\UI</Filter>
    </ClCompile>
  </ItemGroup>
  <ItemGroup>
    <ClInclude Include="ObstructBase.h">
      <Filter>ソース ファイル\Obstruct</Filter>
    </ClInclude>
    <ClInclude Include="ObstructFloat.h">
      <Filter>ソース ファイル\Obstruct</Filter>
    </ClInclude>
    <ClInclude Include="ObstructManager.h">
      <Filter>ソース ファイル\Obstruct</Filter>
    </ClInclude>
    <ClInclude Include="SceneBase.h">
      <Filter>ソース ファイル\Scene</Filter>
    </ClInclude>
    <ClInclude Include="Camera.h">
      <Filter>ソース ファイル\Camera</Filter>
    </ClInclude>
    <ClInclude Include="Player.h">
      <Filter>ソース ファイル\Player</Filter>
    </ClInclude>
    <ClInclude Include="Title.h">
      <Filter>ソース ファイル\Scene</Filter>
    </ClInclude>
    <ClInclude Include="GameClear.h">
      <Filter>ソース ファイル\Scene</Filter>
    </ClInclude>
    <ClInclude Include="GameOver.h">
      <Filter>ソース ファイル\Scene</Filter>
    </ClInclude>
    <ClInclude Include="Common.h">
      <Filter>ソース ファイル\Obstruct</Filter>
    </ClInclude>
    <ClInclude Include="UIBase.h">
      <Filter>ソース ファイル\UI</Filter>
    </ClInclude>
    <ClInclude Include="UIGoal.h">
      <Filter>ソース ファイル\UI</Filter>
    </ClInclude>
    <ClInclude Include="UIFireworks.h">
      <Filter>ソース ファイル\UI</Filter>
    </ClInclude>
    <ClInclude Include="Fade.h">
      <Filter>ソース ファイル\Scene</Filter>
    </ClInclude>
    <ClInclude Include="BackGround.h">
      <Filter>ソース ファイル\BackGround</Filter>
    </ClInclude>
    <ClInclude Include="Satoshi.h">
      <Filter>ソース ファイル\UI\Satoshi</Filter>
    </ClInclude>
    <ClInclude Include="Sound.h">
      <Filter>ソース ファイル\UI\Sound</Filter>
    </ClInclude>
    <ClInclude Include="Hitchecker.h">
      <Filter>ソース ファイル\HitCheck</Filter>
    </ClInclude>
    <ClInclude Include="Timing.h">
      <Filter>ソース ファイル\UI</Filter>
    </ClInclude>
  </ItemGroup>
</Project>