<?xml version="1.0" encoding="utf-8"?>
<Project ToolsVersion="4.0" xmlns="http://schemas.microsoft.com/developer/msbuild/2003">
  <ItemGroup>
    <Filter Include="ソース ファイル">
      <UniqueIdentifier>{4FC737F1-C7A5-4376-A066-2A32D752A2FF}</UniqueIdentifier>
      <Extensions>cpp;c;cc;cxx;def;odl;idl;hpj;bat;asm;asmx</Extensions>
    </Filter>
    <Filter Include="ソース ファイル\Camera">
      <UniqueIdentifier>{5bad5a0c-eb12-4e23-83f4-7b626dbb090f}</UniqueIdentifier>
    </Filter>
    <Filter Include="ソース ファイル\Scene">
      <UniqueIdentifier>{53029406-85e6-4613-9654-e75ffede3600}</UniqueIdentifier>
    </Filter>
    <Filter Include="ソース ファイル\UI">
      <UniqueIdentifier>{6894c461-ab25-4e68-9d9d-fd79400bb877}</UniqueIdentifier>
    </Filter>
    <Filter Include="ソース ファイル\UI\Sound">
      <UniqueIdentifier>{54c1fb57-be1a-4886-969e-18e9be6ee5ce}</UniqueIdentifier>
    </Filter>
    <Filter Include="ソース ファイル\HitCheck">
      <UniqueIdentifier>{216da7b9-800a-4aeb-ab9a-6bb6bb82e5af}</UniqueIdentifier>
    </Filter>
    <Filter Include="ソース ファイル\GameObject">
      <UniqueIdentifier>{6ad6c216-134d-4b2c-9b74-6c8167196f93}</UniqueIdentifier>
    </Filter>
    <Filter Include="ソース ファイル\Jump">
      <UniqueIdentifier>{3eb608b6-8294-4d47-b43c-f458c23fd8b2}</UniqueIdentifier>
    </Filter>
    <Filter Include="ソース ファイル\BackGround">
      <UniqueIdentifier>{9ddefda4-887c-4e48-8838-fa6f757f6b3e}</UniqueIdentifier>
    </Filter>
    <Filter Include="ソース ファイル\Camera\Time">
      <UniqueIdentifier>{84942244-4a17-4a41-8af2-bec97014a621}</UniqueIdentifier>
    </Filter>
    <Filter Include="ソース ファイル\UI\Effect">
      <UniqueIdentifier>{e2fc460d-7fbc-4d99-8ba6-04d943d0af17}</UniqueIdentifier>
    </Filter>
  </ItemGroup>
  <ItemGroup>
    <ClCompile Include="SceneBase.cpp">
      <Filter>ソース ファイル\Scene</Filter>
    </ClCompile>
    <ClCompile Include="Camera.cpp">
      <Filter>ソース ファイル\Camera</Filter>
    </ClCompile>
    <ClCompile Include="Title.cpp">
      <Filter>ソース ファイル\Scene</Filter>
    </ClCompile>
    <ClCompile Include="UIBase.cpp">
      <Filter>ソース ファイル\UI</Filter>
    </ClCompile>
    <ClCompile Include="Fade.cpp">
      <Filter>ソース ファイル\Scene</Filter>
    </ClCompile>
    <ClCompile Include="Sound.cpp">
      <Filter>ソース ファイル\UI\Sound</Filter>
    </ClCompile>
    <ClCompile Include="HitChecker.cpp">
      <Filter>ソース ファイル\HitCheck</Filter>
    </ClCompile>
    <ClCompile Include="Play.cpp">
      <Filter>ソース ファイル\Scene</Filter>
    </ClCompile>
    <ClCompile Include="Timing.cpp">
      <Filter>ソース ファイル\UI</Filter>
    </ClCompile>
    <ClCompile Include="Fish.cpp">
      <Filter>ソース ファイル\GameObject</Filter>
    </ClCompile>
    <ClCompile Include="Pool.cpp">
      <Filter>ソース ファイル\GameObject</Filter>
    </ClCompile>
    <ClCompile Include="SceneManager.cpp">
      <Filter>ソース ファイル\Scene</Filter>
    </ClCompile>
    <ClCompile Include="main.cpp">
      <Filter>ソース ファイル</Filter>
    </ClCompile>
    <ClCompile Include="Input.cpp">
      <Filter>ソース ファイル</Filter>
    </ClCompile>
    <ClCompile Include="Jump.cpp">
      <Filter>ソース ファイル\Jump</Filter>
    </ClCompile>
    <ClCompile Include="BackGround.cpp">
      <Filter>ソース ファイル\BackGround</Filter>
    </ClCompile>
    <ClCompile Include="Time.cpp">
      <Filter>ソース ファイル\Camera\Time</Filter>
    </ClCompile>
    <ClCompile Include="Result.cpp">
      <Filter>ソース ファイル\Scene</Filter>
    </ClCompile>
    <ClCompile Include="FishBase.cpp">
      <Filter>ソース ファイル\GameObject</Filter>
    </ClCompile>
    <ClCompile Include="FishManager.cpp">
      <Filter>ソース ファイル\GameObject</Filter>
    </ClCompile>
    <ClCompile Include="Tutorial.cpp">
      <Filter>ソース ファイル\Scene</Filter>
    </ClCompile>
    <ClCompile Include="Promotion.cpp">
      <Filter>ソース ファイル</Filter>
    </ClCompile>
    <ClCompile Include="Score.cpp">
      <Filter>ソース ファイル\UI</Filter>
    </ClCompile>
    <ClCompile Include="Effect.cpp">
      <Filter>ソース ファイル\UI\Effect</Filter>
    </ClCompile>
  </ItemGroup>
  <ItemGroup>
    <ClInclude Include="SceneBase.h">
      <Filter>ソース ファイル\Scene</Filter>
    </ClInclude>
    <ClInclude Include="Camera.h">
      <Filter>ソース ファイル\Camera</Filter>
    </ClInclude>
    <ClInclude Include="Title.h">
      <Filter>ソース ファイル\Scene</Filter>
    </ClInclude>
    <ClInclude Include="UIBase.h">
      <Filter>ソース ファイル\UI</Filter>
    </ClInclude>
    <ClInclude Include="Fade.h">
      <Filter>ソース ファイル\Scene</Filter>
    </ClInclude>
    <ClInclude Include="Sound.h">
      <Filter>ソース ファイル\UI\Sound</Filter>
    </ClInclude>
    <ClInclude Include="Hitchecker.h">
      <Filter>ソース ファイル\HitCheck</Filter>
    </ClInclude>
    <ClInclude Include="Play.h">
      <Filter>ソース ファイル\Scene</Filter>
    </ClInclude>
    <ClInclude Include="Timing.h">
      <Filter>ソース ファイル\UI</Filter>
    </ClInclude>
    <ClInclude Include="Fish.h">
      <Filter>ソース ファイル\GameObject</Filter>
    </ClInclude>
    <ClInclude Include="SceneManager.h">
      <Filter>ソース ファイル\Scene</Filter>
    </ClInclude>
    <ClInclude Include="Common.h">
      <Filter>ソース ファイル</Filter>
    </ClInclude>
    <ClInclude Include="Input.h">
      <Filter>ソース ファイル</Filter>
    </ClInclude>
    <ClInclude Include="Jump.h">
      <Filter>ソース ファイル\Jump</Filter>
    </ClInclude>
    <ClInclude Include="BackGround.h">
      <Filter>ソース ファイル\BackGround</Filter>
    </ClInclude>
    <ClInclude Include="Time.h">
      <Filter>ソース ファイル\Camera\Time</Filter>
    </ClInclude>
    <ClInclude Include="Result.h">
      <Filter>ソース ファイル\Scene</Filter>
    </ClInclude>
    <ClInclude Include="FishBase.h">
      <Filter>ソース ファイル\GameObject</Filter>
    </ClInclude>
    <ClInclude Include="FishManager.h">
      <Filter>ソース ファイル\GameObject</Filter>
    </ClInclude>
    <ClInclude Include="Pool.h">
      <Filter>ソース ファイル\GameObject</Filter>
    </ClInclude>
    <ClInclude Include="Tutorial.h">
      <Filter>ソース ファイル\Scene</Filter>
    </ClInclude>
    <ClInclude Include="Score.h">
      <Filter>ソース ファイル\UI</Filter>
    </ClInclude>
    <ClInclude Include="Effect.h">
      <Filter>ソース ファイル\UI\Effect</Filter>
    </ClInclude>
    <ClInclude Include="Promotion.h">
      <Filter>ソース ファイル</Filter>
    </ClInclude>
  </ItemGroup>
</Project>